
Microsoft Visual Studio Solution File, Format Version 12.00
# Visual Studio Version 17
VisualStudioVersion = 17.8.34511.84
MinimumVisualStudioVersion = 10.0.40219.1
Project("{2150E333-8FDC-42A3-9474-1A3956D46DE8}") = "ShopManagement", "ShopManagement", "{5EF813AE-B94D-4D93-AC66-007EF4A290CB}"
EndProject
Project("{2150E333-8FDC-42A3-9474-1A3956D46DE8}") = "SM.Domain", "SM.Domain", "{B374B900-DB2D-4922-B46E-CB0E86681FB3}"
EndProject
Project("{2150E333-8FDC-42A3-9474-1A3956D46DE8}") = "SM.Application", "SM.Application", "{786AA6D4-C945-41C1-8D10-CCC4F062A105}"
EndProject
Project("{2150E333-8FDC-42A3-9474-1A3956D46DE8}") = "SM.Infrastructure", "SM.Infrastructure", "{891896F2-4127-4327-B05F-F5DEC2BD56E9}"
EndProject
Project("{9A19103F-16F7-4668-BE54-9A1E7A4F7556}") = "0_Framework", "0_Framework\0_Framework.csproj", "{FE575948-B9C6-46F5-AFF4-772B9E1F21E5}"
EndProject
Project("{9A19103F-16F7-4668-BE54-9A1E7A4F7556}") = "ShopManagement.Application.Contract", "ShopManagement.Application.Contract\ShopManagement.Application.Contract.csproj", "{846B8DF5-4E5E-4F9B-B8CC-46ABF65EF9E3}"
EndProject
Project("{9A19103F-16F7-4668-BE54-9A1E7A4F7556}") = "ShopManagement.Infrastructure.EFCore", "ShopManagement.Infrastructure.EFCore\ShopManagement.Infrastructure.EFCore.csproj", "{87AA2439-F601-43E0-97CC-44C5D59CF2D1}"
EndProject
Project("{9A19103F-16F7-4668-BE54-9A1E7A4F7556}") = "ShopManagement.Domain", "ShopManagement.Domain\ShopManagement.Domain.csproj", "{82EF2B4B-F7E1-4F5C-9D30-8B77C9608031}"
EndProject
Project("{9A19103F-16F7-4668-BE54-9A1E7A4F7556}") = "ShopManagement.Application", "ShopManagement.Application\ShopManagement.Application.csproj", "{F8738270-6C06-4676-A6E2-B782DFA8F48B}"
EndProject
Project("{9A19103F-16F7-4668-BE54-9A1E7A4F7556}") = "ShopManagement.Configuration", "ShopManagement.Configuration\ShopManagement.Configuration.csproj", "{A4FC59AD-DCDE-475D-9F44-67831CB341DB}"
EndProject
Project("{9A19103F-16F7-4668-BE54-9A1E7A4F7556}") = "ServiceHost", "ServiceHost\ServiceHost.csproj", "{F5B88DD5-2A00-48BE-8EEB-03D18DA6D86C}"
EndProject
Project("{9A19103F-16F7-4668-BE54-9A1E7A4F7556}") = "01_BECKQuery", "01_BECKQuery\01_BECKQuery.csproj", "{2C9D5B82-A626-471C-A703-6C2DD884FD66}"
EndProject
Project("{2150E333-8FDC-42A3-9474-1A3956D46DE8}") = "DiscountManagement", "DiscountManagement", "{FBD7A199-40B7-439B-95F8-422E7D3E4549}"
EndProject
Project("{2150E333-8FDC-42A3-9474-1A3956D46DE8}") = "DM.Domain", "DM.Domain", "{2A523F74-F4DF-4422-9F6D-0F4FF9CC2BDF}"
EndProject
Project("{2150E333-8FDC-42A3-9474-1A3956D46DE8}") = "DM.Application", "DM.Application", "{2DFB96C0-3830-43B6-B34B-098A807A9B32}"
EndProject
Project("{2150E333-8FDC-42A3-9474-1A3956D46DE8}") = "DM.Infrastructure", "DM.Infrastructure", "{CD819156-2A77-4E29-9030-BC4D136A65EE}"
EndProject
Project("{9A19103F-16F7-4668-BE54-9A1E7A4F7556}") = "DiscountManagement.Domain", "DiscountManagement.Domain\DiscountManagement.Domain.csproj", "{A50C4120-ECD1-4243-9CC8-0007952BED61}"
EndProject
Project("{9A19103F-16F7-4668-BE54-9A1E7A4F7556}") = "DiscountManagement.Application.Contract", "DiscountManagement.Application.Contract\DiscountManagement.Application.Contract.csproj", "{09E46820-0763-46C5-9221-8DA183A2397F}"
EndProject
Project("{9A19103F-16F7-4668-BE54-9A1E7A4F7556}") = "DiscountManagement.Infrastructure.EFCore", "DiscountManagement.Infrastructure.EFCore\DiscountManagement.Infrastructure.EFCore.csproj", "{238AD44F-45AA-4462-8EAB-7D666EE2DC1F}"
EndProject
Project("{9A19103F-16F7-4668-BE54-9A1E7A4F7556}") = "DiscountManagement.Application", "DiscountManagement.Application\DiscountManagement.Application.csproj", "{D1CC7F07-7518-4990-90E2-D8FF28C8E573}"
EndProject
Project("{9A19103F-16F7-4668-BE54-9A1E7A4F7556}") = "DiscountManagement.Configuration", "DiscountManagement.Configuration\DiscountManagement.Configuration.csproj", "{E67E6453-0BC4-416B-9D0F-6A7306D738BD}"
EndProject
Project("{2150E333-8FDC-42A3-9474-1A3956D46DE8}") = "InventoryManagement", "InventoryManagement", "{2F6093B6-8434-4BFE-889F-CF00E8358848}"
EndProject
Project("{2150E333-8FDC-42A3-9474-1A3956D46DE8}") = "IM.Domain", "IM.Domain", "{B212A1F2-7170-4556-8D1A-F1E4C1333AE9}"
EndProject
Project("{9A19103F-16F7-4668-BE54-9A1E7A4F7556}") = "InventoryManagement.Domain", "InventoryManagement.Domain\InventoryManagement.Domain.csproj", "{6389481F-B4CA-422F-830D-BB5B3A2CF133}"
EndProject
Project("{2150E333-8FDC-42A3-9474-1A3956D46DE8}") = "IM.Application", "IM.Application", "{A4938D3C-A956-4593-AF03-99EBBB8CBC69}"
EndProject
Project("{9A19103F-16F7-4668-BE54-9A1E7A4F7556}") = "InventoryManagement.Application.Contract", "InventoryManagement.Application.Contract\InventoryManagement.Application.Contract.csproj", "{19BA0296-E0BF-4C74-9038-04CB57FD00BB}"
EndProject
Project("{2150E333-8FDC-42A3-9474-1A3956D46DE8}") = "IM.Infrastructure", "IM.Infrastructure", "{0516506A-FE3F-4027-AB9A-9F31FE8DB794}"
EndProject
Project("{9A19103F-16F7-4668-BE54-9A1E7A4F7556}") = "InventoryManagement.Infrastructure.EfCore", "InventoryManagement.Infrastructure.EfCore\InventoryManagement.Infrastructure.EfCore.csproj", "{15FCE9D6-6D0C-47FB-B3AE-17DF96A55C3F}"
EndProject
Project("{9A19103F-16F7-4668-BE54-9A1E7A4F7556}") = "InventoryManagement.Application", "InventoryManagement.Application\InventoryManagement.Application.csproj", "{A351DEE5-2E9D-4230-9A79-4B3802DE4C53}"
EndProject
Project("{9A19103F-16F7-4668-BE54-9A1E7A4F7556}") = "InventoryManagement.Configuration", "InventoryManagement.Configuration\InventoryManagement.Configuration.csproj", "{47043930-C90A-42A0-8B9A-956B210C9285}"
EndProject
Project("{2150E333-8FDC-42A3-9474-1A3956D46DE8}") = "BlogManagement", "BlogManagement", "{75D3579E-1F21-4FAC-8D0A-282F7290F887}"
EndProject
Project("{2150E333-8FDC-42A3-9474-1A3956D46DE8}") = "BM.Domain", "BM.Domain", "{8F98132B-3F7C-4B9E-A803-718607940F4D}"
EndProject
Project("{2150E333-8FDC-42A3-9474-1A3956D46DE8}") = "BM.Application", "BM.Application", "{20E78408-EB60-4658-9B26-D3BC48257B20}"
EndProject
Project("{2150E333-8FDC-42A3-9474-1A3956D46DE8}") = "BM.Infrastructure", "BM.Infrastructure", "{2985090E-F4B2-4B77-993D-5ECAA8C59588}"
EndProject
Project("{9A19103F-16F7-4668-BE54-9A1E7A4F7556}") = "BlogManagement.Domain", "BlogManagement.Domain\BlogManagement.Domain.csproj", "{B7192827-0A16-42C0-8361-CB8CD3B0CC4F}"
EndProject
Project("{9A19103F-16F7-4668-BE54-9A1E7A4F7556}") = "BlogManagement.Application.Contract", "BlogManagement.Application.Contract\BlogManagement.Application.Contract.csproj", "{1CA5BD79-4056-4692-AC09-EF3A2B22A67A}"
EndProject
Project("{9A19103F-16F7-4668-BE54-9A1E7A4F7556}") = "BlogManagement.Infrastructure.EFCore", "BlogManagement.Infrastructure.EFCore\BlogManagement.Infrastructure.EFCore.csproj", "{DCE0B213-5680-46C6-BC54-F5B44DA837DE}"
EndProject
Project("{9A19103F-16F7-4668-BE54-9A1E7A4F7556}") = "BlogManagement.Application", "BlogManagement.Application\BlogManagement.Application.csproj", "{468A7A59-DD8C-46A0-962F-02B8A9D68603}"
EndProject
Project("{9A19103F-16F7-4668-BE54-9A1E7A4F7556}") = "BlogManagement.Configuration", "BlogManagement.Configuration\BlogManagement.Configuration.csproj", "{120AE13C-D71F-47D5-B112-0774E45ECBDD}"
EndProject
Project("{2150E333-8FDC-42A3-9474-1A3956D46DE8}") = "CommentManagement", "CommentManagement", "{9EB22066-D9DE-4717-AE2E-AA322D04D3D7}"
EndProject
Project("{2150E333-8FDC-42A3-9474-1A3956D46DE8}") = "CM.Domain", "CM.Domain", "{634BF8CA-B36C-480B-9EE5-0E9734FAFE3B}"
EndProject
Project("{9A19103F-16F7-4668-BE54-9A1E7A4F7556}") = "CommentManagement.Domain", "CommentManagement.Domain\CommentManagement.Domain.csproj", "{FD1DB274-91B9-4E29-B292-B495D42FEA94}"
EndProject
Project("{2150E333-8FDC-42A3-9474-1A3956D46DE8}") = "CM.Application", "CM.Application", "{125235A0-0819-42AE-B2E7-32DFC08E0CDF}"
EndProject
Project("{9A19103F-16F7-4668-BE54-9A1E7A4F7556}") = "CommentManagement.Application.Contract", "CommentManagement.Application.Contract\CommentManagement.Application.Contract.csproj", "{341F742C-BF38-4F8B-934F-1193583F5868}"
EndProject
Project("{2150E333-8FDC-42A3-9474-1A3956D46DE8}") = "CM.Infrastructure", "CM.Infrastructure", "{0E050FE6-B47F-45B6-AE90-9A2A910B8C19}"
EndProject
Project("{9A19103F-16F7-4668-BE54-9A1E7A4F7556}") = "CommentManagement.Infrastructure.EFCore", "CommentManagement.Infrastructure.EFCore\CommentManagement.Infrastructure.EFCore.csproj", "{6BD27A88-BDC2-4F18-9D47-CCB26AB090C0}"
EndProject
Project("{9A19103F-16F7-4668-BE54-9A1E7A4F7556}") = "CommentManagement.Application", "CommentManagement.Application\CommentManagement.Application.csproj", "{3357FC00-B31C-4C07-AD81-C586F97BB282}"
EndProject
Project("{9A19103F-16F7-4668-BE54-9A1E7A4F7556}") = "CommentManagement.Configuration", "CommentManagement.Configuration\CommentManagement.Configuration.csproj", "{0AB23EB6-C285-4BB8-8AF8-DA4BD20DD4AB}"
EndProject
Project("{2150E333-8FDC-42A3-9474-1A3956D46DE8}") = "AccountManagement", "AccountManagement", "{C5E56E53-BB0E-4D00-8553-1D5F2BBAD3B4}"
EndProject
Project("{2150E333-8FDC-42A3-9474-1A3956D46DE8}") = "AM.Domain", "AM.Domain", "{27E4C0D9-0916-4B9A-8CDB-BAABFD61B3B7}"
EndProject
Project("{2150E333-8FDC-42A3-9474-1A3956D46DE8}") = "AM.Application", "AM.Application", "{855F9B2C-DD8F-474A-89DF-F4FA161789EF}"
EndProject
Project("{2150E333-8FDC-42A3-9474-1A3956D46DE8}") = "AM.Infrastructure", "AM.Infrastructure", "{71D54456-14AD-4114-BFB1-F7E149EC01B3}"
EndProject
Project("{9A19103F-16F7-4668-BE54-9A1E7A4F7556}") = "AccountManagement.Domain", "AccountManagement.Domain\AccountManagement.Domain.csproj", "{2619995B-6FD7-4601-A1F3-17AA077ABC3E}"
EndProject
Project("{9A19103F-16F7-4668-BE54-9A1E7A4F7556}") = "AccountManagement.Application.Contract", "AccountManagement.Application.Contract\AccountManagement.Application.Contract.csproj", "{DA3E8920-1481-4C54-B068-BCFB79F9C9D3}"
EndProject
Project("{9A19103F-16F7-4668-BE54-9A1E7A4F7556}") = "AccountManagement.Infrastructure.EFCore", "AccountManagement.Infrastructure.EFCore\AccountManagement.Infrastructure.EFCore.csproj", "{B2D0F37A-E022-4862-8774-FEFCBBAA3CF5}"
EndProject
Project("{9A19103F-16F7-4668-BE54-9A1E7A4F7556}") = "AccountManagement.Application", "AccountManagement.Application\AccountManagement.Application.csproj", "{3349BD8C-3FB7-4D41-BCF4-E8FFA7883029}"
EndProject
Project("{9A19103F-16F7-4668-BE54-9A1E7A4F7556}") = "AccountManagement.Configuration", "AccountManagement.Configuration\AccountManagement.Configuration.csproj", "{692EB1E2-4DC7-467F-9758-1F927CBB2A9F}"
EndProject
Project("{9A19103F-16F7-4668-BE54-9A1E7A4F7556}") = "ShopManagement.Infrastructure.InventoryAcl", "ShopManagement.Infrastructure.InventoryAcl\ShopManagement.Infrastructure.InventoryAcl.csproj", "{320DBCC1-597D-4951-B473-AA57D6BA6D30}"
EndProject
Project("{2150E333-8FDC-42A3-9474-1A3956D46DE8}") = "SM.Presentation", "SM.Presentation", "{3FCB3816-C62D-4F18-9305-CB287283F10A}"
EndProject
Project("{9A19103F-16F7-4668-BE54-9A1E7A4F7556}") = "ShopManagement.Presentation.Api", "ShopManagement.Presentation.Api\ShopManagement.Presentation.Api.csproj", "{5BF007CD-86C4-4E65-9FCA-BFBD579F77E5}"
EndProject
Project("{2150E333-8FDC-42A3-9474-1A3956D46DE8}") = "IM.Presentation", "IM.Presentation", "{F1F67FF4-E16F-48F2-8A06-F7F61250F098}"
EndProject
Project("{9A19103F-16F7-4668-BE54-9A1E7A4F7556}") = "InventoryManagement.Presentation.Api", "InventoryManagement.Presentation.Api\InventoryManagement.Presentation.Api.csproj", "{82097855-72C4-49AC-8737-9BD338C35CA9}"
EndProject
Project("{2150E333-8FDC-42A3-9474-1A3956D46DE8}") = "BM.Presentation", "BM.Presentation", "{38C81639-2BBD-4B1B-B7E1-3CD6A8090E91}"
EndProject
Global
	GlobalSection(SolutionConfigurationPlatforms) = preSolution
		Debug|Any CPU = Debug|Any CPU
		Release|Any CPU = Release|Any CPU
	EndGlobalSection
	GlobalSection(ProjectConfigurationPlatforms) = postSolution
		{FE575948-B9C6-46F5-AFF4-772B9E1F21E5}.Debug|Any CPU.ActiveCfg = Debug|Any CPU
		{FE575948-B9C6-46F5-AFF4-772B9E1F21E5}.Debug|Any CPU.Build.0 = Debug|Any CPU
		{FE575948-B9C6-46F5-AFF4-772B9E1F21E5}.Release|Any CPU.ActiveCfg = Release|Any CPU
		{FE575948-B9C6-46F5-AFF4-772B9E1F21E5}.Release|Any CPU.Build.0 = Release|Any CPU
		{846B8DF5-4E5E-4F9B-B8CC-46ABF65EF9E3}.Debug|Any CPU.ActiveCfg = Debug|Any CPU
		{846B8DF5-4E5E-4F9B-B8CC-46ABF65EF9E3}.Debug|Any CPU.Build.0 = Debug|Any CPU
		{846B8DF5-4E5E-4F9B-B8CC-46ABF65EF9E3}.Release|Any CPU.ActiveCfg = Release|Any CPU
		{846B8DF5-4E5E-4F9B-B8CC-46ABF65EF9E3}.Release|Any CPU.Build.0 = Release|Any CPU
		{87AA2439-F601-43E0-97CC-44C5D59CF2D1}.Debug|Any CPU.ActiveCfg = Debug|Any CPU
		{87AA2439-F601-43E0-97CC-44C5D59CF2D1}.Debug|Any CPU.Build.0 = Debug|Any CPU
		{87AA2439-F601-43E0-97CC-44C5D59CF2D1}.Release|Any CPU.ActiveCfg = Release|Any CPU
		{87AA2439-F601-43E0-97CC-44C5D59CF2D1}.Release|Any CPU.Build.0 = Release|Any CPU
		{82EF2B4B-F7E1-4F5C-9D30-8B77C9608031}.Debug|Any CPU.ActiveCfg = Debug|Any CPU
		{82EF2B4B-F7E1-4F5C-9D30-8B77C9608031}.Debug|Any CPU.Build.0 = Debug|Any CPU
		{82EF2B4B-F7E1-4F5C-9D30-8B77C9608031}.Release|Any CPU.ActiveCfg = Release|Any CPU
		{82EF2B4B-F7E1-4F5C-9D30-8B77C9608031}.Release|Any CPU.Build.0 = Release|Any CPU
		{F8738270-6C06-4676-A6E2-B782DFA8F48B}.Debug|Any CPU.ActiveCfg = Debug|Any CPU
		{F8738270-6C06-4676-A6E2-B782DFA8F48B}.Debug|Any CPU.Build.0 = Debug|Any CPU
		{F8738270-6C06-4676-A6E2-B782DFA8F48B}.Release|Any CPU.ActiveCfg = Release|Any CPU
		{F8738270-6C06-4676-A6E2-B782DFA8F48B}.Release|Any CPU.Build.0 = Release|Any CPU
		{A4FC59AD-DCDE-475D-9F44-67831CB341DB}.Debug|Any CPU.ActiveCfg = Debug|Any CPU
		{A4FC59AD-DCDE-475D-9F44-67831CB341DB}.Debug|Any CPU.Build.0 = Debug|Any CPU
		{A4FC59AD-DCDE-475D-9F44-67831CB341DB}.Release|Any CPU.ActiveCfg = Release|Any CPU
		{A4FC59AD-DCDE-475D-9F44-67831CB341DB}.Release|Any CPU.Build.0 = Release|Any CPU
		{F5B88DD5-2A00-48BE-8EEB-03D18DA6D86C}.Debug|Any CPU.ActiveCfg = Debug|Any CPU
		{F5B88DD5-2A00-48BE-8EEB-03D18DA6D86C}.Debug|Any CPU.Build.0 = Debug|Any CPU
		{F5B88DD5-2A00-48BE-8EEB-03D18DA6D86C}.Release|Any CPU.ActiveCfg = Release|Any CPU
		{F5B88DD5-2A00-48BE-8EEB-03D18DA6D86C}.Release|Any CPU.Build.0 = Release|Any CPU
		{2C9D5B82-A626-471C-A703-6C2DD884FD66}.Debug|Any CPU.ActiveCfg = Debug|Any CPU
		{2C9D5B82-A626-471C-A703-6C2DD884FD66}.Debug|Any CPU.Build.0 = Debug|Any CPU
		{2C9D5B82-A626-471C-A703-6C2DD884FD66}.Release|Any CPU.ActiveCfg = Release|Any CPU
		{2C9D5B82-A626-471C-A703-6C2DD884FD66}.Release|Any CPU.Build.0 = Release|Any CPU
		{A50C4120-ECD1-4243-9CC8-0007952BED61}.Debug|Any CPU.ActiveCfg = Debug|Any CPU
		{A50C4120-ECD1-4243-9CC8-0007952BED61}.Debug|Any CPU.Build.0 = Debug|Any CPU
		{A50C4120-ECD1-4243-9CC8-0007952BED61}.Release|Any CPU.ActiveCfg = Release|Any CPU
		{A50C4120-ECD1-4243-9CC8-0007952BED61}.Release|Any CPU.Build.0 = Release|Any CPU
		{09E46820-0763-46C5-9221-8DA183A2397F}.Debug|Any CPU.ActiveCfg = Debug|Any CPU
		{09E46820-0763-46C5-9221-8DA183A2397F}.Debug|Any CPU.Build.0 = Debug|Any CPU
		{09E46820-0763-46C5-9221-8DA183A2397F}.Release|Any CPU.ActiveCfg = Release|Any CPU
		{09E46820-0763-46C5-9221-8DA183A2397F}.Release|Any CPU.Build.0 = Release|Any CPU
		{238AD44F-45AA-4462-8EAB-7D666EE2DC1F}.Debug|Any CPU.ActiveCfg = Debug|Any CPU
		{238AD44F-45AA-4462-8EAB-7D666EE2DC1F}.Debug|Any CPU.Build.0 = Debug|Any CPU
		{238AD44F-45AA-4462-8EAB-7D666EE2DC1F}.Release|Any CPU.ActiveCfg = Release|Any CPU
		{238AD44F-45AA-4462-8EAB-7D666EE2DC1F}.Release|Any CPU.Build.0 = Release|Any CPU
		{D1CC7F07-7518-4990-90E2-D8FF28C8E573}.Debug|Any CPU.ActiveCfg = Debug|Any CPU
		{D1CC7F07-7518-4990-90E2-D8FF28C8E573}.Debug|Any CPU.Build.0 = Debug|Any CPU
		{D1CC7F07-7518-4990-90E2-D8FF28C8E573}.Release|Any CPU.ActiveCfg = Release|Any CPU
		{D1CC7F07-7518-4990-90E2-D8FF28C8E573}.Release|Any CPU.Build.0 = Release|Any CPU
		{E67E6453-0BC4-416B-9D0F-6A7306D738BD}.Debug|Any CPU.ActiveCfg = Debug|Any CPU
		{E67E6453-0BC4-416B-9D0F-6A7306D738BD}.Debug|Any CPU.Build.0 = Debug|Any CPU
		{E67E6453-0BC4-416B-9D0F-6A7306D738BD}.Release|Any CPU.ActiveCfg = Release|Any CPU
		{E67E6453-0BC4-416B-9D0F-6A7306D738BD}.Release|Any CPU.Build.0 = Release|Any CPU
		{6389481F-B4CA-422F-830D-BB5B3A2CF133}.Debug|Any CPU.ActiveCfg = Debug|Any CPU
		{6389481F-B4CA-422F-830D-BB5B3A2CF133}.Debug|Any CPU.Build.0 = Debug|Any CPU
		{6389481F-B4CA-422F-830D-BB5B3A2CF133}.Release|Any CPU.ActiveCfg = Release|Any CPU
		{6389481F-B4CA-422F-830D-BB5B3A2CF133}.Release|Any CPU.Build.0 = Release|Any CPU
		{19BA0296-E0BF-4C74-9038-04CB57FD00BB}.Debug|Any CPU.ActiveCfg = Debug|Any CPU
		{19BA0296-E0BF-4C74-9038-04CB57FD00BB}.Debug|Any CPU.Build.0 = Debug|Any CPU
		{19BA0296-E0BF-4C74-9038-04CB57FD00BB}.Release|Any CPU.ActiveCfg = Release|Any CPU
		{19BA0296-E0BF-4C74-9038-04CB57FD00BB}.Release|Any CPU.Build.0 = Release|Any CPU
		{15FCE9D6-6D0C-47FB-B3AE-17DF96A55C3F}.Debug|Any CPU.ActiveCfg = Debug|Any CPU
		{15FCE9D6-6D0C-47FB-B3AE-17DF96A55C3F}.Debug|Any CPU.Build.0 = Debug|Any CPU
		{15FCE9D6-6D0C-47FB-B3AE-17DF96A55C3F}.Release|Any CPU.ActiveCfg = Release|Any CPU
		{15FCE9D6-6D0C-47FB-B3AE-17DF96A55C3F}.Release|Any CPU.Build.0 = Release|Any CPU
		{A351DEE5-2E9D-4230-9A79-4B3802DE4C53}.Debug|Any CPU.ActiveCfg = Debug|Any CPU
		{A351DEE5-2E9D-4230-9A79-4B3802DE4C53}.Debug|Any CPU.Build.0 = Debug|Any CPU
		{A351DEE5-2E9D-4230-9A79-4B3802DE4C53}.Release|Any CPU.ActiveCfg = Release|Any CPU
		{A351DEE5-2E9D-4230-9A79-4B3802DE4C53}.Release|Any CPU.Build.0 = Release|Any CPU
		{47043930-C90A-42A0-8B9A-956B210C9285}.Debug|Any CPU.ActiveCfg = Debug|Any CPU
		{47043930-C90A-42A0-8B9A-956B210C9285}.Debug|Any CPU.Build.0 = Debug|Any CPU
		{47043930-C90A-42A0-8B9A-956B210C9285}.Release|Any CPU.ActiveCfg = Release|Any CPU
		{47043930-C90A-42A0-8B9A-956B210C9285}.Release|Any CPU.Build.0 = Release|Any CPU
		{B7192827-0A16-42C0-8361-CB8CD3B0CC4F}.Debug|Any CPU.ActiveCfg = Debug|Any CPU
		{B7192827-0A16-42C0-8361-CB8CD3B0CC4F}.Debug|Any CPU.Build.0 = Debug|Any CPU
		{B7192827-0A16-42C0-8361-CB8CD3B0CC4F}.Release|Any CPU.ActiveCfg = Release|Any CPU
		{B7192827-0A16-42C0-8361-CB8CD3B0CC4F}.Release|Any CPU.Build.0 = Release|Any CPU
		{1CA5BD79-4056-4692-AC09-EF3A2B22A67A}.Debug|Any CPU.ActiveCfg = Debug|Any CPU
		{1CA5BD79-4056-4692-AC09-EF3A2B22A67A}.Debug|Any CPU.Build.0 = Debug|Any CPU
		{1CA5BD79-4056-4692-AC09-EF3A2B22A67A}.Release|Any CPU.ActiveCfg = Release|Any CPU
		{1CA5BD79-4056-4692-AC09-EF3A2B22A67A}.Release|Any CPU.Build.0 = Release|Any CPU
		{DCE0B213-5680-46C6-BC54-F5B44DA837DE}.Debug|Any CPU.ActiveCfg = Debug|Any CPU
		{DCE0B213-5680-46C6-BC54-F5B44DA837DE}.Debug|Any CPU.Build.0 = Debug|Any CPU
		{DCE0B213-5680-46C6-BC54-F5B44DA837DE}.Release|Any CPU.ActiveCfg = Release|Any CPU
		{DCE0B213-5680-46C6-BC54-F5B44DA837DE}.Release|Any CPU.Build.0 = Release|Any CPU
		{468A7A59-DD8C-46A0-962F-02B8A9D68603}.Debug|Any CPU.ActiveCfg = Debug|Any CPU
		{468A7A59-DD8C-46A0-962F-02B8A9D68603}.Debug|Any CPU.Build.0 = Debug|Any CPU
		{468A7A59-DD8C-46A0-962F-02B8A9D68603}.Release|Any CPU.ActiveCfg = Release|Any CPU
		{468A7A59-DD8C-46A0-962F-02B8A9D68603}.Release|Any CPU.Build.0 = Release|Any CPU
		{120AE13C-D71F-47D5-B112-0774E45ECBDD}.Debug|Any CPU.ActiveCfg = Debug|Any CPU
		{120AE13C-D71F-47D5-B112-0774E45ECBDD}.Debug|Any CPU.Build.0 = Debug|Any CPU
		{120AE13C-D71F-47D5-B112-0774E45ECBDD}.Release|Any CPU.ActiveCfg = Release|Any CPU
		{120AE13C-D71F-47D5-B112-0774E45ECBDD}.Release|Any CPU.Build.0 = Release|Any CPU
		{FD1DB274-91B9-4E29-B292-B495D42FEA94}.Debug|Any CPU.ActiveCfg = Debug|Any CPU
		{FD1DB274-91B9-4E29-B292-B495D42FEA94}.Debug|Any CPU.Build.0 = Debug|Any CPU
		{FD1DB274-91B9-4E29-B292-B495D42FEA94}.Release|Any CPU.ActiveCfg = Release|Any CPU
		{FD1DB274-91B9-4E29-B292-B495D42FEA94}.Release|Any CPU.Build.0 = Release|Any CPU
		{341F742C-BF38-4F8B-934F-1193583F5868}.Debug|Any CPU.ActiveCfg = Debug|Any CPU
		{341F742C-BF38-4F8B-934F-1193583F5868}.Debug|Any CPU.Build.0 = Debug|Any CPU
		{341F742C-BF38-4F8B-934F-1193583F5868}.Release|Any CPU.ActiveCfg = Release|Any CPU
		{341F742C-BF38-4F8B-934F-1193583F5868}.Release|Any CPU.Build.0 = Release|Any CPU
		{6BD27A88-BDC2-4F18-9D47-CCB26AB090C0}.Debug|Any CPU.ActiveCfg = Debug|Any CPU
		{6BD27A88-BDC2-4F18-9D47-CCB26AB090C0}.Debug|Any CPU.Build.0 = Debug|Any CPU
		{6BD27A88-BDC2-4F18-9D47-CCB26AB090C0}.Release|Any CPU.ActiveCfg = Release|Any CPU
		{6BD27A88-BDC2-4F18-9D47-CCB26AB090C0}.Release|Any CPU.Build.0 = Release|Any CPU
		{3357FC00-B31C-4C07-AD81-C586F97BB282}.Debug|Any CPU.ActiveCfg = Debug|Any CPU
		{3357FC00-B31C-4C07-AD81-C586F97BB282}.Debug|Any CPU.Build.0 = Debug|Any CPU
		{3357FC00-B31C-4C07-AD81-C586F97BB282}.Release|Any CPU.ActiveCfg = Release|Any CPU
		{3357FC00-B31C-4C07-AD81-C586F97BB282}.Release|Any CPU.Build.0 = Release|Any CPU
		{0AB23EB6-C285-4BB8-8AF8-DA4BD20DD4AB}.Debug|Any CPU.ActiveCfg = Debug|Any CPU
		{0AB23EB6-C285-4BB8-8AF8-DA4BD20DD4AB}.Debug|Any CPU.Build.0 = Debug|Any CPU
		{0AB23EB6-C285-4BB8-8AF8-DA4BD20DD4AB}.Release|Any CPU.ActiveCfg = Release|Any CPU
		{0AB23EB6-C285-4BB8-8AF8-DA4BD20DD4AB}.Release|Any CPU.Build.0 = Release|Any CPU
		{2619995B-6FD7-4601-A1F3-17AA077ABC3E}.Debug|Any CPU.ActiveCfg = Debug|Any CPU
		{2619995B-6FD7-4601-A1F3-17AA077ABC3E}.Debug|Any CPU.Build.0 = Debug|Any CPU
		{2619995B-6FD7-4601-A1F3-17AA077ABC3E}.Release|Any CPU.ActiveCfg = Release|Any CPU
		{2619995B-6FD7-4601-A1F3-17AA077ABC3E}.Release|Any CPU.Build.0 = Release|Any CPU
		{DA3E8920-1481-4C54-B068-BCFB79F9C9D3}.Debug|Any CPU.ActiveCfg = Debug|Any CPU
		{DA3E8920-1481-4C54-B068-BCFB79F9C9D3}.Debug|Any CPU.Build.0 = Debug|Any CPU
		{DA3E8920-1481-4C54-B068-BCFB79F9C9D3}.Release|Any CPU.ActiveCfg = Release|Any CPU
		{DA3E8920-1481-4C54-B068-BCFB79F9C9D3}.Release|Any CPU.Build.0 = Release|Any CPU
		{B2D0F37A-E022-4862-8774-FEFCBBAA3CF5}.Debug|Any CPU.ActiveCfg = Debug|Any CPU
		{B2D0F37A-E022-4862-8774-FEFCBBAA3CF5}.Debug|Any CPU.Build.0 = Debug|Any CPU
		{B2D0F37A-E022-4862-8774-FEFCBBAA3CF5}.Release|Any CPU.ActiveCfg = Release|Any CPU
		{B2D0F37A-E022-4862-8774-FEFCBBAA3CF5}.Release|Any CPU.Build.0 = Release|Any CPU
		{3349BD8C-3FB7-4D41-BCF4-E8FFA7883029}.Debug|Any CPU.ActiveCfg = Debug|Any CPU
		{3349BD8C-3FB7-4D41-BCF4-E8FFA7883029}.Debug|Any CPU.Build.0 = Debug|Any CPU
		{3349BD8C-3FB7-4D41-BCF4-E8FFA7883029}.Release|Any CPU.ActiveCfg = Release|Any CPU
		{3349BD8C-3FB7-4D41-BCF4-E8FFA7883029}.Release|Any CPU.Build.0 = Release|Any CPU
		{692EB1E2-4DC7-467F-9758-1F927CBB2A9F}.Debug|Any CPU.ActiveCfg = Debug|Any CPU
		{692EB1E2-4DC7-467F-9758-1F927CBB2A9F}.Debug|Any CPU.Build.0 = Debug|Any CPU
		{692EB1E2-4DC7-467F-9758-1F927CBB2A9F}.Release|Any CPU.ActiveCfg = Release|Any CPU
		{692EB1E2-4DC7-467F-9758-1F927CBB2A9F}.Release|Any CPU.Build.0 = Release|Any CPU
		{320DBCC1-597D-4951-B473-AA57D6BA6D30}.Debug|Any CPU.ActiveCfg = Debug|Any CPU
		{320DBCC1-597D-4951-B473-AA57D6BA6D30}.Debug|Any CPU.Build.0 = Debug|Any CPU
		{320DBCC1-597D-4951-B473-AA57D6BA6D30}.Release|Any CPU.ActiveCfg = Release|Any CPU
		{320DBCC1-597D-4951-B473-AA57D6BA6D30}.Release|Any CPU.Build.0 = Release|Any CPU
		{5BF007CD-86C4-4E65-9FCA-BFBD579F77E5}.Debug|Any CPU.ActiveCfg = Debug|Any CPU
		{5BF007CD-86C4-4E65-9FCA-BFBD579F77E5}.Debug|Any CPU.Build.0 = Debug|Any CPU
		{5BF007CD-86C4-4E65-9FCA-BFBD579F77E5}.Release|Any CPU.ActiveCfg = Release|Any CPU
		{5BF007CD-86C4-4E65-9FCA-BFBD579F77E5}.Release|Any CPU.Build.0 = Release|Any CPU
		{82097855-72C4-49AC-8737-9BD338C35CA9}.Debug|Any CPU.ActiveCfg = Debug|Any CPU
		{82097855-72C4-49AC-8737-9BD338C35CA9}.Debug|Any CPU.Build.0 = Debug|Any CPU
		{82097855-72C4-49AC-8737-9BD338C35CA9}.Release|Any CPU.ActiveCfg = Release|Any CPU
		{82097855-72C4-49AC-8737-9BD338C35CA9}.Release|Any CPU.Build.0 = Release|Any CPU
	EndGlobalSection
	GlobalSection(SolutionProperties) = preSolution
		HideSolutionNode = FALSE
	EndGlobalSection
	GlobalSection(NestedProjects) = preSolution
		{B374B900-DB2D-4922-B46E-CB0E86681FB3} = {5EF813AE-B94D-4D93-AC66-007EF4A290CB}
		{786AA6D4-C945-41C1-8D10-CCC4F062A105} = {5EF813AE-B94D-4D93-AC66-007EF4A290CB}
		{891896F2-4127-4327-B05F-F5DEC2BD56E9} = {5EF813AE-B94D-4D93-AC66-007EF4A290CB}
		{846B8DF5-4E5E-4F9B-B8CC-46ABF65EF9E3} = {786AA6D4-C945-41C1-8D10-CCC4F062A105}
		{87AA2439-F601-43E0-97CC-44C5D59CF2D1} = {891896F2-4127-4327-B05F-F5DEC2BD56E9}
		{82EF2B4B-F7E1-4F5C-9D30-8B77C9608031} = {B374B900-DB2D-4922-B46E-CB0E86681FB3}
		{F8738270-6C06-4676-A6E2-B782DFA8F48B} = {786AA6D4-C945-41C1-8D10-CCC4F062A105}
		{A4FC59AD-DCDE-475D-9F44-67831CB341DB} = {891896F2-4127-4327-B05F-F5DEC2BD56E9}
		{2A523F74-F4DF-4422-9F6D-0F4FF9CC2BDF} = {FBD7A199-40B7-439B-95F8-422E7D3E4549}
		{2DFB96C0-3830-43B6-B34B-098A807A9B32} = {FBD7A199-40B7-439B-95F8-422E7D3E4549}
		{CD819156-2A77-4E29-9030-BC4D136A65EE} = {FBD7A199-40B7-439B-95F8-422E7D3E4549}
		{A50C4120-ECD1-4243-9CC8-0007952BED61} = {2A523F74-F4DF-4422-9F6D-0F4FF9CC2BDF}
		{09E46820-0763-46C5-9221-8DA183A2397F} = {2DFB96C0-3830-43B6-B34B-098A807A9B32}
		{238AD44F-45AA-4462-8EAB-7D666EE2DC1F} = {CD819156-2A77-4E29-9030-BC4D136A65EE}
		{D1CC7F07-7518-4990-90E2-D8FF28C8E573} = {2DFB96C0-3830-43B6-B34B-098A807A9B32}
		{E67E6453-0BC4-416B-9D0F-6A7306D738BD} = {CD819156-2A77-4E29-9030-BC4D136A65EE}
		{B212A1F2-7170-4556-8D1A-F1E4C1333AE9} = {2F6093B6-8434-4BFE-889F-CF00E8358848}
		{6389481F-B4CA-422F-830D-BB5B3A2CF133} = {B212A1F2-7170-4556-8D1A-F1E4C1333AE9}
		{A4938D3C-A956-4593-AF03-99EBBB8CBC69} = {2F6093B6-8434-4BFE-889F-CF00E8358848}
		{19BA0296-E0BF-4C74-9038-04CB57FD00BB} = {A4938D3C-A956-4593-AF03-99EBBB8CBC69}
		{0516506A-FE3F-4027-AB9A-9F31FE8DB794} = {2F6093B6-8434-4BFE-889F-CF00E8358848}
		{15FCE9D6-6D0C-47FB-B3AE-17DF96A55C3F} = {0516506A-FE3F-4027-AB9A-9F31FE8DB794}
		{A351DEE5-2E9D-4230-9A79-4B3802DE4C53} = {A4938D3C-A956-4593-AF03-99EBBB8CBC69}
		{47043930-C90A-42A0-8B9A-956B210C9285} = {0516506A-FE3F-4027-AB9A-9F31FE8DB794}
		{8F98132B-3F7C-4B9E-A803-718607940F4D} = {75D3579E-1F21-4FAC-8D0A-282F7290F887}
		{20E78408-EB60-4658-9B26-D3BC48257B20} = {75D3579E-1F21-4FAC-8D0A-282F7290F887}
		{2985090E-F4B2-4B77-993D-5ECAA8C59588} = {75D3579E-1F21-4FAC-8D0A-282F7290F887}
		{B7192827-0A16-42C0-8361-CB8CD3B0CC4F} = {8F98132B-3F7C-4B9E-A803-718607940F4D}
		{1CA5BD79-4056-4692-AC09-EF3A2B22A67A} = {20E78408-EB60-4658-9B26-D3BC48257B20}
		{DCE0B213-5680-46C6-BC54-F5B44DA837DE} = {2985090E-F4B2-4B77-993D-5ECAA8C59588}
		{468A7A59-DD8C-46A0-962F-02B8A9D68603} = {20E78408-EB60-4658-9B26-D3BC48257B20}
		{120AE13C-D71F-47D5-B112-0774E45ECBDD} = {2985090E-F4B2-4B77-993D-5ECAA8C59588}
		{634BF8CA-B36C-480B-9EE5-0E9734FAFE3B} = {9EB22066-D9DE-4717-AE2E-AA322D04D3D7}
		{FD1DB274-91B9-4E29-B292-B495D42FEA94} = {634BF8CA-B36C-480B-9EE5-0E9734FAFE3B}
		{125235A0-0819-42AE-B2E7-32DFC08E0CDF} = {9EB22066-D9DE-4717-AE2E-AA322D04D3D7}
		{341F742C-BF38-4F8B-934F-1193583F5868} = {125235A0-0819-42AE-B2E7-32DFC08E0CDF}
		{0E050FE6-B47F-45B6-AE90-9A2A910B8C19} = {9EB22066-D9DE-4717-AE2E-AA322D04D3D7}
		{6BD27A88-BDC2-4F18-9D47-CCB26AB090C0} = {0E050FE6-B47F-45B6-AE90-9A2A910B8C19}
		{3357FC00-B31C-4C07-AD81-C586F97BB282} = {125235A0-0819-42AE-B2E7-32DFC08E0CDF}
		{0AB23EB6-C285-4BB8-8AF8-DA4BD20DD4AB} = {0E050FE6-B47F-45B6-AE90-9A2A910B8C19}
		{27E4C0D9-0916-4B9A-8CDB-BAABFD61B3B7} = {C5E56E53-BB0E-4D00-8553-1D5F2BBAD3B4}
		{855F9B2C-DD8F-474A-89DF-F4FA161789EF} = {C5E56E53-BB0E-4D00-8553-1D5F2BBAD3B4}
		{71D54456-14AD-4114-BFB1-F7E149EC01B3} = {C5E56E53-BB0E-4D00-8553-1D5F2BBAD3B4}
		{2619995B-6FD7-4601-A1F3-17AA077ABC3E} = {27E4C0D9-0916-4B9A-8CDB-BAABFD61B3B7}
		{DA3E8920-1481-4C54-B068-BCFB79F9C9D3} = {855F9B2C-DD8F-474A-89DF-F4FA161789EF}
		{B2D0F37A-E022-4862-8774-FEFCBBAA3CF5} = {71D54456-14AD-4114-BFB1-F7E149EC01B3}
		{3349BD8C-3FB7-4D41-BCF4-E8FFA7883029} = {855F9B2C-DD8F-474A-89DF-F4FA161789EF}
		{692EB1E2-4DC7-467F-9758-1F927CBB2A9F} = {71D54456-14AD-4114-BFB1-F7E149EC01B3}
		{320DBCC1-597D-4951-B473-AA57D6BA6D30} = {891896F2-4127-4327-B05F-F5DEC2BD56E9}
		{3FCB3816-C62D-4F18-9305-CB287283F10A} = {5EF813AE-B94D-4D93-AC66-007EF4A290CB}
		{5BF007CD-86C4-4E65-9FCA-BFBD579F77E5} = {3FCB3816-C62D-4F18-9305-CB287283F10A}
		{F1F67FF4-E16F-48F2-8A06-F7F61250F098} = {2F6093B6-8434-4BFE-889F-CF00E8358848}
		{82097855-72C4-49AC-8737-9BD338C35CA9} = {F1F67FF4-E16F-48F2-8A06-F7F61250F098}
		{38C81639-2BBD-4B1B-B7E1-3CD6A8090E91} = {75D3579E-1F21-4FAC-8D0A-282F7290F887}
	EndGlobalSection
	GlobalSection(ExtensibilityGlobals) = postSolution
		SolutionGuid = {325EBF18-18E0-4ACF-94E9-B0ABB6BB8AA2}
	EndGlobalSection
EndGlobal
